{
  "name": "taiyiforge-minimal-project",
  "version": "1.0.0",
  "lockfileVersion": 3,
  "requires": true,
  "packages": {
    "": {
      "name": "taiyiforge-minimal-project",
      "version": "1.0.0",
      "dependencies": {
        "oh-my-taiyiforge": "file:../.."
      }
    },
    "../..": {
      "version": "0.18.0",
      "hasInstallScript": true,
      "license": "MIT",
      "dependencies": {
        "@opencode-ai/plugin": "^1.14.18"
      },
      "bin": {
        "taiyi": "dist/cli/taiyi.js",
        "taiyi-forge": "scripts/taiyi-forge.mjs",
        "taiyi-forge-install": "dist/cli/install-cli.js"
      },
      "devDependencies": {
        "@types/node": "^22.10.0",
        "tsx": "^4.19.0",
        "typescript": "^5.7.0",
        "vitest": "^3.0.0"
      },
      "engines": {
        "node": ">=20"
      },
      "peerDependencies": {
        "@opencode-ai/plugin": ">=1.0.0"
      }
    },
    "node_modules/oh-my-taiyiforge": {
      "resolved": "../..",
      "link": true
    }
  }
}
